
Microsoft Visual Studio Solution File, Format Version 12.00
# Visual Studio 15
VisualStudioVersion = 15.0.27004.2006
MinimumVisualStudioVersion = 10.0.40219.1
Project("{FAE04EC0-301F-11D3-BF4B-00C04F79EFBC}") = "ConsoleApp1", "ConsoleApp1\ConsoleApp1.csproj", "{3F0C003B-5CB0-4524-AB90-4ACB5271AC8F}"
EndProject
Global
	GlobalSection(SolutionConfigurationPlatforms) = preSolution
		Debug|Any CPU = Debug|Any CPU
		Release|Any CPU = Release|Any CPU
	EndGlobalSection
	GlobalSection(ProjectConfigurationPlatforms) = postSolution
		{3F0C003B-5CB0-4524-AB90-4ACB5271AC8F}.Debug|Any CPU.ActiveCfg = Debug|Any CPU
		{3F0C003B-5CB0-4524-AB90-4ACB5271AC8F}.Debug|Any CPU.Build.0 = Debug|Any CPU
		{3F0C003B-5CB0-4524-AB90-4ACB5271AC8F}.Release|Any CPU.ActiveCfg = Release|Any CPU
		{3F0C003B-5CB0-4524-AB90-4ACB5271AC8F}.Release|Any CPU.Build.0 = Release|Any CPU
	EndGlobalSection
	GlobalSection(SolutionProperties) = preSolution
		HideSolutionNode = FALSE
	EndGlobalSection
	GlobalSection(ExtensibilityGlobals) = postSolution
		SolutionGuid = {35CFEA35-2C0B-4FF8-97F7-E04F6E13F2BF}
	EndGlobalSection
EndGlobal
